
Microsoft Visual Studio Solution File, Format Version 12.00
# Visual Studio Version 17
VisualStudioVersion = 17.0.32112.339
MinimumVisualStudioVersion = 10.0.40219.1
Project("{FAE04EC0-301F-11D3-BF4B-00C04F79EFBC}") = "Operação_Matematica", "Operação_Matematica\Operação_Matematica.csproj", "{971A0707-AB0E-46CA-8537-892D8BC2F01D}"
EndProject
Global
	GlobalSection(SolutionConfigurationPlatforms) = preSolution
		Debug|Any CPU = Debug|Any CPU
		Release|Any CPU = Release|Any CPU
	EndGlobalSection
	GlobalSection(ProjectConfigurationPlatforms) = postSolution
		{971A0707-AB0E-46CA-8537-892D8BC2F01D}.Debug|Any CPU.ActiveCfg = Debug|Any CPU
		{971A0707-AB0E-46CA-8537-892D8BC2F01D}.Debug|Any CPU.Build.0 = Debug|Any CPU
		{971A0707-AB0E-46CA-8537-892D8BC2F01D}.Release|Any CPU.ActiveCfg = Release|Any CPU
		{971A0707-AB0E-46CA-8537-892D8BC2F01D}.Release|Any CPU.Build.0 = Release|Any CPU
	EndGlobalSection
	GlobalSection(SolutionProperties) = preSolution
		HideSolutionNode = FALSE
	EndGlobalSection
	GlobalSection(ExtensibilityGlobals) = postSolution
		SolutionGuid = {8E80AE4E-61B4-432B-85CF-7A6B3E4CA422}
	EndGlobalSection
EndGlobal
